<?xml version="1.0" encoding="utf-8"?>
<Project ToolsVersion="4.0" xmlns="http://schemas.microsoft.com/developer/msbuild/2003">
  <ItemGroup>
    <Filter Include="Source Files">
      <UniqueIdentifier>{a18f3b2a-8597-4fd1-b631-45be5e9ca05d}</UniqueIdentifier>
      <Extensions>cpp;c;cxx;rc;def;r;odl;idl;hpj;bat</Extensions>
    </Filter>
    <Filter Include="Header Files">
      <UniqueIdentifier>{3480761d-ca95-4e8d-837c-27f057b80bc1}</UniqueIdentifier>
      <Extensions>h;hpp;hxx;hm;inl</Extensions>
    </Filter>
    <Filter Include="Resource Files">
      <UniqueIdentifier>{f3df359b-6b82-4f83-84ac-f6cc246591c7}</UniqueIdentifier>
      <Extensions>ico;cur;bmp;dlg;rc2;rct;bin;rgs;gif;jpg;jpeg;jpe</Extensions>
    </Filter>
  </ItemGroup>
  <ItemGroup>
    <ClCompile Include="..\util\na_server.c">
      <Filter>Source Files</Filter>
    </ClCompile>
    <ClCompile Include="..\util\na_snapshot.c">
      <Filter>Source Files</Filter>
    </ClCompile>
    <ClCompile Include="..\util\ontapiver.c">
      <Filter>Source Files</Filter>
    </ClCompile>
    <ClCompile Include="snapman.c">
      <Filter>Source Files</Filter>
    </ClCompile>
  </ItemGroup>
  <ItemGroup>
    <ClInclude Include="..\util\netapp.h">
      <Filter>Header Files</Filter>
    </ClInclude>
    <ClInclude Include="..\util\ontapiver.h">
      <Filter>Header Files</Filter>
    </ClInclude>
  </ItemGroup>
</Project>