<?xml version="1.0" encoding="utf-8"?>
<Project ToolsVersion="4.0" xmlns="http://schemas.microsoft.com/developer/msbuild/2003">
  <ItemGroup>
    <Filter Include="Source Files">
      <UniqueIdentifier>{3de5deaa-a8a0-4303-a4e0-6f229c5b95fa}</UniqueIdentifier>
      <Extensions>cpp;c;cxx;rc;def;r;odl;idl;hpj;bat</Extensions>
    </Filter>
    <Filter Include="Header Files">
      <UniqueIdentifier>{35b4a7f6-1a9b-47ce-9e37-f8bb3bcadc65}</UniqueIdentifier>
      <Extensions>h;hpp;hxx;hm;inl</Extensions>
    </Filter>
    <Filter Include="Resource Files">
      <UniqueIdentifier>{903f31de-eda3-4b46-b4ed-66ea5d4a39e3}</UniqueIdentifier>
      <Extensions>ico;cur;bmp;dlg;rc2;rct;bin;rgs;gif;jpg;jpeg;jpe</Extensions>
    </Filter>
  </ItemGroup>
  <ItemGroup>
    <ClCompile Include="argshift.cpp">
      <Filter>Source Files</Filter>
    </ClCompile>
    <ClCompile Include="getopt.cpp">
      <Filter>Source Files</Filter>
    </ClCompile>
    <ClCompile Include="sm.cpp">
      <Filter>Source Files</Filter>
    </ClCompile>
    <ClCompile Include="smbreak.cpp">
      <Filter>Source Files</Filter>
    </ClCompile>
    <ClCompile Include="smidle.cpp">
      <Filter>Source Files</Filter>
    </ClCompile>
    <ClCompile Include="sminit.cpp">
      <Filter>Source Files</Filter>
    </ClCompile>
    <ClCompile Include="smresync.cpp">
      <Filter>Source Files</Filter>
    </ClCompile>
    <ClCompile Include="smupdate.cpp">
      <Filter>Source Files</Filter>
    </ClCompile>
    <ClCompile Include="snapmirror_defs.cpp">
      <Filter>Source Files</Filter>
    </ClCompile>
    <ClCompile Include="stdafx.cpp">
      <Filter>Source Files</Filter>
    </ClCompile>
  </ItemGroup>
  <ItemGroup>
    <ClInclude Include="stdafx.h">
      <Filter>Header Files</Filter>
    </ClInclude>
  </ItemGroup>
</Project>